PODS:
  - air_brother (0.0.1):
    - BRScanKit
    - Flutter
  - BRScanKit (0.2.0)
  - Flutter (1.0.0)
  - path_provider (0.0.1):
    - Flutter

DEPENDENCIES:
  - air_brother (from `.symlinks/plugins/air_brother/ios`)
  - Flutter (from `Flutter`)
  - path_provider (from `.symlinks/plugins/path_provider/ios`)

SPEC REPOS:
  trunk:
    - BRScanKit

EXTERNAL SOURCES:
  air_brother:
    :path: ".symlinks/plugins/air_brother/ios"
  Flutter:
    :path: Flutter
  path_provider:
    :path: ".symlinks/plugins/path_provider/ios"

SPEC CHECKSUMS:
  air_brother: f15597c3fa23769c53ae3dec84d29223691a5ce7
  BRScanKit: 44e043cf85a16327db93ff3952b1732ee99b13ff
  Flutter: 434fef37c0980e73bb6479ef766c45957d4b510c
  path_provider: abfe2b5c733d04e238b0d8691db0cfd63a27a93c

PODFILE CHECKSUM: aafe91acc616949ddb318b77800a7f51bffa2a4c

COCOAPODS: 1.10.1
